
Microsoft Visual Studio Solution File, Format Version 12.00
# Visual Studio 15
VisualStudioVersion = 15.0.28307.539
MinimumVisualStudioVersion = 10.0.40219.1
Project("{FAE04EC0-301F-11D3-BF4B-00C04F79EFBC}") = "IEProject_AfterIteration1", "IEProject_AfterIteration1\IEProject_AfterIteration1.csproj", "{BD5D7DCD-B5D7-4395-B96A-7D5EAECBF0F4}"
EndProject
Project("{FAE04EC0-301F-11D3-BF4B-00C04F79EFBC}") = "IEProject_AfterIteration1.Tests", "IEProject_AfterIteration1.Tests\IEProject_AfterIteration1.Tests.csproj", "{F30F4337-527A-40DA-ACC4-45F835FA40A8}"
EndProject
Global
	GlobalSection(SolutionConfigurationPlatforms) = preSolution
		Debug|Any CPU = Debug|Any CPU
		Release|Any CPU = Release|Any CPU
	EndGlobalSection
	GlobalSection(ProjectConfigurationPlatforms) = postSolution
		{BD5D7DCD-B5D7-4395-B96A-7D5EAECBF0F4}.Debug|Any CPU.ActiveCfg = Debug|Any CPU
		{BD5D7DCD-B5D7-4395-B96A-7D5EAECBF0F4}.Debug|Any CPU.Build.0 = Debug|Any CPU
		{BD5D7DCD-B5D7-4395-B96A-7D5EAECBF0F4}.Release|Any CPU.ActiveCfg = Release|Any CPU
		{BD5D7DCD-B5D7-4395-B96A-7D5EAECBF0F4}.Release|Any CPU.Build.0 = Release|Any CPU
		{F30F4337-527A-40DA-ACC4-45F835FA40A8}.Debug|Any CPU.ActiveCfg = Debug|Any CPU
		{F30F4337-527A-40DA-ACC4-45F835FA40A8}.Debug|Any CPU.Build.0 = Debug|Any CPU
		{F30F4337-527A-40DA-ACC4-45F835FA40A8}.Release|Any CPU.ActiveCfg = Release|Any CPU
		{F30F4337-527A-40DA-ACC4-45F835FA40A8}.Release|Any CPU.Build.0 = Release|Any CPU
	EndGlobalSection
	GlobalSection(SolutionProperties) = preSolution
		HideSolutionNode = FALSE
	EndGlobalSection
	GlobalSection(ExtensibilityGlobals) = postSolution
		SolutionGuid = {DA1B854D-1C03-4B44-A90D-F612CC3A30FC}
	EndGlobalSection
EndGlobal
